// !$*UTF8*$!
{
	archiveVersion = 1;
	classes = {
	};
	objectVersion = 46;
	objects = {

/* Begin PBXBuildFile section */
		3814C2A81536C81B001D8AAC /* UIKit.framework in Frameworks */ = {isa = PBXBuildFile; fileRef = 3814C2A71536C81B001D8AAC /* UIKit.framework */; };
		3814C2AA1536C81B001D8AAC /* Foundation.framework in Frameworks */ = {isa = PBXBuildFile; fileRef = 3814C2A91536C81B001D8AAC /* Foundation.framework */; };
		3814C2AC1536C81B001D8AAC /* CoreGraphics.framework in Frameworks */ = {isa = PBXBuildFile; fileRef = 3814C2AB1536C81B001D8AAC /* CoreGraphics.framework */; };
		3814C2B21536C81B001D8AAC /* InfoPlist.strings in Resources */ = {isa = PBXBuildFile; fileRef = 3814C2B01536C81B001D8AAC /* InfoPlist.strings */; };
		3814C2B41536C81B001D8AAC /* main.m in Sources */ = {isa = PBXBuildFile; fileRef = 3814C2B31536C81B001D8AAC /* main.m */; };
		3814C2B81536C81B001D8AAC /* PhoenixAppDelegate.m in Sources */ = {isa = PBXBuildFile; fileRef = 3814C2B71536C81B001D8AAC /* PhoenixAppDelegate.m */; };
		3814C2BB1536C81B001D8AAC /* iPhone.storyboard in Resources */ = {isa = PBXBuildFile; fileRef = 3814C2B91536C81B001D8AAC /* iPhone.storyboard */; };
		3814C2BE1536C81B001D8AAC /* iPad.storyboard in Resources */ = {isa = PBXBuildFile; fileRef = 3814C2BC1536C81B001D8AAC /* iPad.storyboard */; };
		3814C2C11536C81B001D8AAC /* mainViewController.m in Sources */ = {isa = PBXBuildFile; fileRef = 3814C2C01536C81B001D8AAC /* mainViewController.m */; };
		389E963F153D4602000AA482 /* Default2.png in Resources */ = {isa = PBXBuildFile; fileRef = 389E963B153D4602000AA482 /* Default2.png */; };
		389E9640153D4602000AA482 /* Default1@2x.png in Resources */ = {isa = PBXBuildFile; fileRef = 389E963C153D4602000AA482 /* Default1@2x.png */; };
		389E9641153D4602000AA482 /* Icon.png in Resources */ = {isa = PBXBuildFile; fileRef = 389E963D153D4602000AA482 /* Icon.png */; };
		389E9642153D4602000AA482 /* Icon@2x.png in Resources */ = {isa = PBXBuildFile; fileRef = 389E963E153D4602000AA482 /* Icon@2x.png */; };
/* End PBXBuildFile section */

/* Begin PBXFileReference section */
		3814C2A31536C81B001D8AAC /* Phoenix.app */ = {isa = PBXFileReference; explicitFileType = wrapper.application; includeInIndex = 0; path = Phoenix.app; sourceTree = BUILT_PRODUCTS_DIR; };
		3814C2A71536C81B001D8AAC /* UIKit.framework */ = {isa = PBXFileReference; lastKnownFileType = wrapper.framework; name = UIKit.framework; path = System/Library/Frameworks/UIKit.framework; sourceTree = SDKROOT; };
		3814C2A91536C81B001D8AAC /* Foundation.framework */ = {isa = PBXFileReference; lastKnownFileType = wrapper.framework; name = Foundation.framework; path = System/Library/Frameworks/Foundation.framework; sourceTree = SDKROOT; };
		3814C2AB1536C81B001D8AAC /* CoreGraphics.framework */ = {isa = PBXFileReference; lastKnownFileType = wrapper.framework; name = CoreGraphics.framework; path = System/Library/Frameworks/CoreGraphics.framework; sourceTree = SDKROOT; };
		3814C2AF1536C81B001D8AAC /* Phoenix-Info.plist */ = {isa = PBXFileReference; lastKnownFileType = text.plist.xml; path = "Phoenix-Info.plist"; sourceTree = "<group>"; };
		3814C2B11536C81B001D8AAC /* en */ = {isa = PBXFileReference; lastKnownFileType = text.plist.strings; name = en; path = en.lproj/InfoPlist.strings; sourceTree = "<group>"; };
		3814C2B31536C81B001D8AAC /* main.m */ = {isa = PBXFileReference; lastKnownFileType = sourcecode.c.objc; path = main.m; sourceTree = "<group>"; };
		3814C2B51536C81B001D8AAC /* Phoenix-Prefix.pch */ = {isa = PBXFileReference; lastKnownFileType = sourcecode.c.h; path = "Phoenix-Prefix.pch"; sourceTree = "<group>"; };
		3814C2B61536C81B001D8AAC /* PhoenixAppDelegate.h */ = {isa = PBXFileReference; lastKnownFileType = sourcecode.c.h; path = PhoenixAppDelegate.h; sourceTree = "<group>"; };
		3814C2B71536C81B001D8AAC /* PhoenixAppDelegate.m */ = {isa = PBXFileReference; lastKnownFileType = sourcecode.c.objc; path = PhoenixAppDelegate.m; sourceTree = "<group>"; };
		3814C2BA1536C81B001D8AAC /* en */ = {isa = PBXFileReference; lastKnownFileType = file.storyboard; name = en; path = en.lproj/iPhone.storyboard; sourceTree = "<group>"; };
		3814C2BD1536C81B001D8AAC /* en */ = {isa = PBXFileReference; lastKnownFileType = file.storyboard; name = en; path = en.lproj/iPad.storyboard; sourceTree = "<group>"; };
		3814C2BF1536C81B001D8AAC /* mainViewController.h */ = {isa = PBXFileReference; lastKnownFileType = sourcecode.c.h; path = mainViewController.h; sourceTree = "<group>"; };
		3814C2C01536C81B001D8AAC /* mainViewController.m */ = {isa = PBXFileReference; lastKnownFileType = sourcecode.c.objc; path = mainViewController.m; sourceTree = "<group>"; };
		389E963B153D4602000AA482 /* Default2.png */ = {isa = PBXFileReference; lastKnownFileType = image.png; path = Default2.png; sourceTree = "<group>"; };
		389E963C153D4602000AA482 /* Default1@2x.png */ = {isa = PBXFileReference; lastKnownFileType = image.png; path = "Default1@2x.png"; sourceTree = "<group>"; };
		389E963D153D4602000AA482 /* Icon.png */ = {isa = PBXFileReference; lastKnownFileType = image.png; path = Icon.png; sourceTree = "<group>"; };
		389E963E153D4602000AA482 /* Icon@2x.png */ = {isa = PBXFileReference; lastKnownFileType = image.png; path = "Icon@2x.png"; sourceTree = "<group>"; };
/* End PBXFileReference section */

/* Begin PBXFrameworksBuildPhase section */
		3814C2A01536C81B001D8AAC /* Frameworks */ = {
			isa = PBXFrameworksBuildPhase;
			buildActionMask = 2147483647;
			files = (
				3814C2A81536C81B001D8AAC /* UIKit.framework in Frameworks */,
				3814C2AA1536C81B001D8AAC /* Foundation.framework in Frameworks */,
				3814C2AC1536C81B001D8AAC /* CoreGraphics.framework in Frameworks */,
			);
			runOnlyForDeploymentPostprocessing = 0;
		};
/* End PBXFrameworksBuildPhase section */

/* Begin PBXGroup section */
		3814C2981536C81B001D8AAC = {
			isa = PBXGroup;
			children = (
				389E9639153D44AB000AA482 /* Resources */,
				3814C2A61536C81B001D8AAC /* Frameworks */,
				3814C2AD1536C81B001D8AAC /* Phoenix */,
				3814C2A41536C81B001D8AAC /* Products */,
			);
			sourceTree = "<group>";
		};
		3814C2A41536C81B001D8AAC /* Products */ = {
			isa = PBXGroup;
			children = (
				3814C2A31536C81B001D8AAC /* Phoenix.app */,
			);
			name = Products;
			sourceTree = "<group>";
		};
		3814C2A61536C81B001D8AAC /* Frameworks */ = {
			isa = PBXGroup;
			children = (
				3814C2A71536C81B001D8AAC /* UIKit.framework */,
				3814C2A91536C81B001D8AAC /* Foundation.framework */,
				3814C2AB1536C81B001D8AAC /* CoreGraphics.framework */,
			);
			name = Frameworks;
			sourceTree = "<group>";
		};
		3814C2AD1536C81B001D8AAC /* Phoenix */ = {
			isa = PBXGroup;
			children = (
				3814C2BC1536C81B001D8AAC /* iPad.storyboard */,
				3814C2B91536C81B001D8AAC /* iPhone.storyboard */,
				3814C2B61536C81B001D8AAC /* PhoenixAppDelegate.h */,
				3814C2B71536C81B001D8AAC /* PhoenixAppDelegate.m */,
				3814C2AE1536C81B001D8AAC /* Supporting Files */,
				389E9636153D2E01000AA482 /* ViewControllers */,
			);
			path = Phoenix;
			sourceTree = "<group>";
		};
		3814C2AE1536C81B001D8AAC /* Supporting Files */ = {
			isa = PBXGroup;
			children = (
				3814C2AF1536C81B001D8AAC /* Phoenix-Info.plist */,
				3814C2B01536C81B001D8AAC /* InfoPlist.strings */,
				3814C2B31536C81B001D8AAC /* main.m */,
				3814C2B51536C81B001D8AAC /* Phoenix-Prefix.pch */,
			);
			name = "Supporting Files";
			sourceTree = "<group>";
		};
		389E9636153D2E01000AA482 /* ViewControllers */ = {
			isa = PBXGroup;
			children = (
				3814C2BF1536C81B001D8AAC /* mainViewController.h */,
				3814C2C01536C81B001D8AAC /* mainViewController.m */,
			);
			name = ViewControllers;
			sourceTree = "<group>";
		};
		389E9639153D44AB000AA482 /* Resources */ = {
			isa = PBXGroup;
			children = (
				389E963A153D44AB000AA482 /* Images */,
			);
			path = Resources;
			sourceTree = "<group>";
		};
		389E963A153D44AB000AA482 /* Images */ = {
			isa = PBXGroup;
			children = (
				389E963B153D4602000AA482 /* Default2.png */,
				389E963C153D4602000AA482 /* Default1@2x.png */,
				389E963D153D4602000AA482 /* Icon.png */,
				389E963E153D4602000AA482 /* Icon@2x.png */,
			);
			path = Images;
			sourceTree = "<group>";
		};
/* End PBXGroup section */

/* Begin PBXNativeTarget section */
		3814C2A21536C81B001D8AAC /* Phoenix */ = {
			isa = PBXNativeTarget;
			buildConfigurationList = 3814C2C41536C81B001D8AAC /* Build configuration list for PBXNativeTarget "Phoenix" */;
			buildPhases = (
				3814C29F1536C81B001D8AAC /* Sources */,
				3814C2A01536C81B001D8AAC /* Frameworks */,
				3814C2A11536C81B001D8AAC /* Resources */,
			);
			buildRules = (
			);
			dependencies = (
			);
			name = Phoenix;
			productName = Phoenix;
			productReference = 3814C2A31536C81B001D8AAC /* Phoenix.app */;
			productType = "com.apple.product-type.application";
		};
/* End PBXNativeTarget section */

/* Begin PBXProject section */
		3814C29A1536C81B001D8AAC /* Project object */ = {
			isa = PBXProject;
			attributes = {
				CLASSPREFIX = main;
				LastUpgradeCheck = 0430;
				ORGANIZATIONNAME = LANVIGE;
			};
			buildConfigurationList = 3814C29D1536C81B001D8AAC /* Build configuration list for PBXProject "Phoenix" */;
			compatibilityVersion = "Xcode 3.2";
			developmentRegion = English;
			hasScannedForEncodings = 0;
			knownRegions = (
				en,
			);
			mainGroup = 3814C2981536C81B001D8AAC;
			productRefGroup = 3814C2A41536C81B001D8AAC /* Products */;
			projectDirPath = "";
			projectRoot = "";
			targets = (
				3814C2A21536C81B001D8AAC /* Phoenix */,
			);
		};
/* End PBXProject section */

/* Begin PBXResourcesBuildPhase section */
		3814C2A11536C81B001D8AAC /* Resources */ = {
			isa = PBXResourcesBuildPhase;
			buildActionMask = 2147483647;
			files = (
				3814C2B21536C81B001D8AAC /* InfoPlist.strings in Resources */,
				3814C2BB1536C81B001D8AAC /* iPhone.storyboard in Resources */,
				3814C2BE1536C81B001D8AAC /* iPad.storyboard in Resources */,
				389E963F153D4602000AA482 /* Default2.png in Resources */,
				389E9640153D4602000AA482 /* Default1@2x.png in Resources */,
				389E9641153D4602000AA482 /* Icon.png in Resources */,
				389E9642153D4602000AA482 /* Icon@2x.png in Resources */,
			);
			runOnlyForDeploymentPostprocessing = 0;
		};
/* End PBXResourcesBuildPhase section */

/* Begin PBXSourcesBuildPhase section */
		3814C29F1536C81B001D8AAC /* Sources */ = {
			isa = PBXSourcesBuildPhase;
			buildActionMask = 2147483647;
			files = (
				3814C2B41536C81B001D8AAC /* main.m in Sources */,
				3814C2B81536C81B001D8AAC /* PhoenixAppDelegate.m in Sources */,
				3814C2C11536C81B001D8AAC /* mainViewController.m in Sources */,
			);
			runOnlyForDeploymentPostprocessing = 0;
		};
/* End PBXSourcesBuildPhase section */

/* Begin PBXVariantGroup section */
		3814C2B01536C81B001D8AAC /* InfoPlist.strings */ = {
			isa = PBXVariantGroup;
			children = (
				3814C2B11536C81B001D8AAC /* en */,
			);
			name = InfoPlist.strings;
			sourceTree = "<group>";
		};
		3814C2B91536C81B001D8AAC /* iPhone.storyboard */ = {
			isa = PBXVariantGroup;
			children = (
				3814C2BA1536C81B001D8AAC /* en */,
			);
			name = iPhone.storyboard;
			sourceTree = "<group>";
		};
		3814C2BC1536C81B001D8AAC /* iPad.storyboard */ = {
			isa = PBXVariantGroup;
			children = (
				3814C2BD1536C81B001D8AAC /* en */,
			);
			name = iPad.storyboard;
			sourceTree = "<group>";
		};
/* End PBXVariantGroup section */

/* Begin XCBuildConfiguration section */
		3814C2C21536C81B001D8AAC /* Debug */ = {
			isa = XCBuildConfiguration;
			buildSettings = {
				ALWAYS_SEARCH_USER_PATHS = NO;
				ARCHS = "$(ARCHS_STANDARD_32_BIT)";
				CLANG_ENABLE_OBJC_ARC = YES;
				"CODE_SIGN_IDENTITY[sdk=iphoneos*]" = "iPhone Developer";
				COPY_PHASE_STRIP = NO;
				GCC_C_LANGUAGE_STANDARD = gnu99;
				GCC_DYNAMIC_NO_PIC = NO;
				GCC_OPTIMIZATION_LEVEL = 0;
				GCC_PREPROCESSOR_DEFINITIONS = (
					"DEBUG=1",
					"$(inherited)",
				);
				GCC_SYMBOLS_PRIVATE_EXTERN = NO;
				GCC_VERSION = com.apple.compilers.llvm.clang.1_0;
				GCC_WARN_ABOUT_RETURN_TYPE = YES;
				GCC_WARN_UNINITIALIZED_AUTOS = YES;
				GCC_WARN_UNUSED_VARIABLE = YES;
				IPHONEOS_DEPLOYMENT_TARGET = 5.1;
				SDKROOT = iphoneos;
				TARGETED_DEVICE_FAMILY = "1,2";
			};
			name = Debug;
		};
		3814C2C31536C81B001D8AAC /* Release */ = {
			isa = XCBuildConfiguration;
			buildSettings = {
				ALWAYS_SEARCH_USER_PATHS = NO;
				ARCHS = "$(ARCHS_STANDARD_32_BIT)";
				CLANG_ENABLE_OBJC_ARC = YES;
				"CODE_SIGN_IDENTITY[sdk=iphoneos*]" = "iPhone Developer";
				COPY_PHASE_STRIP = YES;
				GCC_C_LANGUAGE_STANDARD = gnu99;
				GCC_VERSION = com.apple.compilers.llvm.clang.1_0;
				GCC_WARN_ABOUT_RETURN_TYPE = YES;
				GCC_WARN_UNINITIALIZED_AUTOS = YES;
				GCC_WARN_UNUSED_VARIABLE = YES;
				IPHONEOS_DEPLOYMENT_TARGET = 5.1;
				OTHER_CFLAGS = "-DNS_BLOCK_ASSERTIONS=1";
				SDKROOT = iphoneos;
				TARGETED_DEVICE_FAMILY = "1,2";
				VALIDATE_PRODUCT = YES;
			};
			name = Release;
		};
		3814C2C51536C81B001D8AAC /* Debug */ = {
			isa = XCBuildConfiguration;
			buildSettings = {
				GCC_PRECOMPILE_PREFIX_HEADER = YES;
				GCC_PREFIX_HEADER = "Phoenix/Phoenix-Prefix.pch";
				INFOPLIST_FILE = "Phoenix/Phoenix-Info.plist";
				PRODUCT_NAME = Phoenix;
				WRAPPER_EXTENSION = app;
			};
			name = Debug;
		};
		3814C2C61536C81B001D8AAC /* Release */ = {
			isa = XCBuildConfiguration;
			buildSettings = {
				GCC_PRECOMPILE_PREFIX_HEADER = YES;
				GCC_PREFIX_HEADER = "Phoenix/Phoenix-Prefix.pch";
				INFOPLIST_FILE = "Phoenix/Phoenix-Info.plist";
				PRODUCT_NAME = Phoenix;
				WRAPPER_EXTENSION = app;
			};
			name = Release;
		};
/* End XCBuildConfiguration section */

/* Begin XCConfigurationList section */
		3814C29D1536C81B001D8AAC /* Build configuration list for PBXProject "Phoenix" */ = {
			isa = XCConfigurationList;
			buildConfigurations = (
				3814C2C21536C81B001D8AAC /* Debug */,
				3814C2C31536C81B001D8AAC /* Release */,
			);
			defaultConfigurationIsVisible = 0;
			defaultConfigurationName = Release;
		};
		3814C2C41536C81B001D8AAC /* Build configuration list for PBXNativeTarget "Phoenix" */ = {
			isa = XCConfigurationList;
			buildConfigurations = (
				3814C2C51536C81B001D8AAC /* Debug */,
				3814C2C61536C81B001D8AAC /* Release */,
			);
			defaultConfigurationIsVisible = 0;
			defaultConfigurationName = Release;
		};
/* End XCConfigurationList section */
	};
	rootObject = 3814C29A1536C81B001D8AAC /* Project object */;
}
